
Microsoft Visual Studio Solution File, Format Version 12.00
# Visual Studio 15
VisualStudioVersion = 15.0.27004.2010
MinimumVisualStudioVersion = 10.0.40219.1
Project("{FAE04EC0-301F-11D3-BF4B-00C04F79EFBC}") = "CRAS", "CRAS\CRAS.csproj", "{8E48B7B0-140B-4F4F-A26C-20FFE69F2560}"
EndProject
Global
	GlobalSection(SolutionConfigurationPlatforms) = preSolution
		Debug|Any CPU = Debug|Any CPU
		Release|Any CPU = Release|Any CPU
	EndGlobalSection
	GlobalSection(ProjectConfigurationPlatforms) = postSolution
		{8E48B7B0-140B-4F4F-A26C-20FFE69F2560}.Debug|Any CPU.ActiveCfg = Debug|Any CPU
		{8E48B7B0-140B-4F4F-A26C-20FFE69F2560}.Debug|Any CPU.Build.0 = Debug|Any CPU
		{8E48B7B0-140B-4F4F-A26C-20FFE69F2560}.Release|Any CPU.ActiveCfg = Release|Any CPU
		{8E48B7B0-140B-4F4F-A26C-20FFE69F2560}.Release|Any CPU.Build.0 = Release|Any CPU
	EndGlobalSection
	GlobalSection(SolutionProperties) = preSolution
		HideSolutionNode = FALSE
	EndGlobalSection
	GlobalSection(ExtensibilityGlobals) = postSolution
		SolutionGuid = {32ADB8B2-B006-43B0-9CF3-AE2488F1F0E5}
	EndGlobalSection
EndGlobal
